
Microsoft Visual Studio Solution File, Format Version 12.00
# Visual Studio Version 16
VisualStudioVersion = 16.0.33328.57
MinimumVisualStudioVersion = 10.0.40219.1
Project("{FAE04EC0-301F-11D3-BF4B-00C04F79EFBC}") = "KurumsalWeb", "KurumsalWeb\KurumsalWeb.csproj", "{29D39363-08DD-4E01-918D-6D46BE109225}"
EndProject
Global
	GlobalSection(SolutionConfigurationPlatforms) = preSolution
		Debug|Any CPU = Debug|Any CPU
		Release|Any CPU = Release|Any CPU
	EndGlobalSection
	GlobalSection(ProjectConfigurationPlatforms) = postSolution
		{29D39363-08DD-4E01-918D-6D46BE109225}.Debug|Any CPU.ActiveCfg = Debug|Any CPU
		{29D39363-08DD-4E01-918D-6D46BE109225}.Debug|Any CPU.Build.0 = Debug|Any CPU
		{29D39363-08DD-4E01-918D-6D46BE109225}.Release|Any CPU.ActiveCfg = Release|Any CPU
		{29D39363-08DD-4E01-918D-6D46BE109225}.Release|Any CPU.Build.0 = Release|Any CPU
	EndGlobalSection
	GlobalSection(SolutionProperties) = preSolution
		HideSolutionNode = FALSE
	EndGlobalSection
	GlobalSection(ExtensibilityGlobals) = postSolution
		SolutionGuid = {7E6502AF-37E0-446A-B21B-BAD98B5A65D1}
	EndGlobalSection
EndGlobal
